// !$*UTF8*$!
{
	archiveVersion = 1;
	classes = {
	};
	objectVersion = 46;
	objects = {

/* Begin PBXBuildFile section */
		4E0CBD791B759C7B00FF444B /* main.m in Sources */ = {isa = PBXBuildFile; fileRef = 4E0CBD781B759C7B00FF444B /* main.m */; };
		4E0CBD7C1B759C7B00FF444B /* AppDelegate.m in Sources */ = {isa = PBXBuildFile; fileRef = 4E0CBD7B1B759C7B00FF444B /* AppDelegate.m */; };
		4E0CBD7F1B759C7B00FF444B /* ViewController.m in Sources */ = {isa = PBXBuildFile; fileRef = 4E0CBD7E1B759C7B00FF444B /* ViewController.m */; };
		4E0CBD821B759C7B00FF444B /* Main.storyboard in Resources */ = {isa = PBXBuildFile; fileRef = 4E0CBD801B759C7B00FF444B /* Main.storyboard */; };
		4E0CBD841B759C7B00FF444B /* Images.xcassets in Resources */ = {isa = PBXBuildFile; fileRef = 4E0CBD831B759C7B00FF444B /* Images.xcassets */; };
		4E0CBD871B759C7B00FF444B /* LaunchScreen.xib in Resources */ = {isa = PBXBuildFile; fileRef = 4E0CBD851B759C7B00FF444B /* LaunchScreen.xib */; };
		4E0CBD931B759C7B00FF444B /* DownloaderWithBlockTests.m in Sources */ = {isa = PBXBuildFile; fileRef = 4E0CBD921B759C7B00FF444B /* DownloaderWithBlockTests.m */; };
		4E0CBD9E1B759CA900FF444B /* MyDownloader.m in Sources */ = {isa = PBXBuildFile; fileRef = 4E0CBD9D1B759CA900FF444B /* MyDownloader.m */; };
/* End PBXBuildFile section */

/* Begin PBXContainerItemProxy section */
		4E0CBD8D1B759C7B00FF444B /* PBXContainerItemProxy */ = {
			isa = PBXContainerItemProxy;
			containerPortal = 4E0CBD6B1B759C7B00FF444B /* Project object */;
			proxyType = 1;
			remoteGlobalIDString = 4E0CBD721B759C7B00FF444B;
			remoteInfo = DownloaderWithBlock;
		};
/* End PBXContainerItemProxy section */

/* Begin PBXFileReference section */
		4E0CBD731B759C7B00FF444B /* DownloaderWithBlock.app */ = {isa = PBXFileReference; explicitFileType = wrapper.application; includeInIndex = 0; path = DownloaderWithBlock.app; sourceTree = BUILT_PRODUCTS_DIR; };
		4E0CBD771B759C7B00FF444B /* Info.plist */ = {isa = PBXFileReference; lastKnownFileType = text.plist.xml; path = Info.plist; sourceTree = "<group>"; };
		4E0CBD781B759C7B00FF444B /* main.m */ = {isa = PBXFileReference; lastKnownFileType = sourcecode.c.objc; path = main.m; sourceTree = "<group>"; };
		4E0CBD7A1B759C7B00FF444B /* AppDelegate.h */ = {isa = PBXFileReference; lastKnownFileType = sourcecode.c.h; path = AppDelegate.h; sourceTree = "<group>"; };
		4E0CBD7B1B759C7B00FF444B /* AppDelegate.m */ = {isa = PBXFileReference; lastKnownFileType = sourcecode.c.objc; path = AppDelegate.m; sourceTree = "<group>"; };
		4E0CBD7D1B759C7B00FF444B /* ViewController.h */ = {isa = PBXFileReference; lastKnownFileType = sourcecode.c.h; path = ViewController.h; sourceTree = "<group>"; };
		4E0CBD7E1B759C7B00FF444B /* ViewController.m */ = {isa = PBXFileReference; lastKnownFileType = sourcecode.c.objc; path = ViewController.m; sourceTree = "<group>"; };
		4E0CBD811B759C7B00FF444B /* Base */ = {isa = PBXFileReference; lastKnownFileType = file.storyboard; name = Base; path = Base.lproj/Main.storyboard; sourceTree = "<group>"; };
		4E0CBD831B759C7B00FF444B /* Images.xcassets */ = {isa = PBXFileReference; lastKnownFileType = folder.assetcatalog; path = Images.xcassets; sourceTree = "<group>"; };
		4E0CBD861B759C7B00FF444B /* Base */ = {isa = PBXFileReference; lastKnownFileType = file.xib; name = Base; path = Base.lproj/LaunchScreen.xib; sourceTree = "<group>"; };
		4E0CBD8C1B759C7B00FF444B /* DownloaderWithBlockTests.xctest */ = {isa = PBXFileReference; explicitFileType = wrapper.cfbundle; includeInIndex = 0; path = DownloaderWithBlockTests.xctest; sourceTree = BUILT_PRODUCTS_DIR; };
		4E0CBD911B759C7B00FF444B /* Info.plist */ = {isa = PBXFileReference; lastKnownFileType = text.plist.xml; path = Info.plist; sourceTree = "<group>"; };
		4E0CBD921B759C7B00FF444B /* DownloaderWithBlockTests.m */ = {isa = PBXFileReference; lastKnownFileType = sourcecode.c.objc; path = DownloaderWithBlockTests.m; sourceTree = "<group>"; };
		4E0CBD9C1B759CA900FF444B /* MyDownloader.h */ = {isa = PBXFileReference; fileEncoding = 4; lastKnownFileType = sourcecode.c.h; path = MyDownloader.h; sourceTree = "<group>"; };
		4E0CBD9D1B759CA900FF444B /* MyDownloader.m */ = {isa = PBXFileReference; fileEncoding = 4; lastKnownFileType = sourcecode.c.objc; path = MyDownloader.m; sourceTree = "<group>"; };
/* End PBXFileReference section */

/* Begin PBXFrameworksBuildPhase section */
		4E0CBD701B759C7B00FF444B /* Frameworks */ = {
			isa = PBXFrameworksBuildPhase;
			buildActionMask = 2147483647;
			files = (
			);
			runOnlyForDeploymentPostprocessing = 0;
		};
		4E0CBD891B759C7B00FF444B /* Frameworks */ = {
			isa = PBXFrameworksBuildPhase;
			buildActionMask = 2147483647;
			files = (
			);
			runOnlyForDeploymentPostprocessing = 0;
		};
/* End PBXFrameworksBuildPhase section */

/* Begin PBXGroup section */
		4E0CBD6A1B759C7B00FF444B = {
			isa = PBXGroup;
			children = (
				4E0CBD751B759C7B00FF444B /* DownloaderWithBlock */,
				4E0CBD8F1B759C7B00FF444B /* DownloaderWithBlockTests */,
				4E0CBD741B759C7B00FF444B /* Products */,
			);
			sourceTree = "<group>";
		};
		4E0CBD741B759C7B00FF444B /* Products */ = {
			isa = PBXGroup;
			children = (
				4E0CBD731B759C7B00FF444B /* DownloaderWithBlock.app */,
				4E0CBD8C1B759C7B00FF444B /* DownloaderWithBlockTests.xctest */,
			);
			name = Products;
			sourceTree = "<group>";
		};
		4E0CBD751B759C7B00FF444B /* DownloaderWithBlock */ = {
			isa = PBXGroup;
			children = (
				4E0CBD7A1B759C7B00FF444B /* AppDelegate.h */,
				4E0CBD7B1B759C7B00FF444B /* AppDelegate.m */,
				4E0CBD7D1B759C7B00FF444B /* ViewController.h */,
				4E0CBD7E1B759C7B00FF444B /* ViewController.m */,
				4E0CBD801B759C7B00FF444B /* Main.storyboard */,
				4E0CBD831B759C7B00FF444B /* Images.xcassets */,
				4E0CBD851B759C7B00FF444B /* LaunchScreen.xib */,
				4E0CBD761B759C7B00FF444B /* Supporting Files */,
				4E0CBD9C1B759CA900FF444B /* MyDownloader.h */,
				4E0CBD9D1B759CA900FF444B /* MyDownloader.m */,
			);
			path = DownloaderWithBlock;
			sourceTree = "<group>";
		};
		4E0CBD761B759C7B00FF444B /* Supporting Files */ = {
			isa = PBXGroup;
			children = (
				4E0CBD771B759C7B00FF444B /* Info.plist */,
				4E0CBD781B759C7B00FF444B /* main.m */,
			);
			name = "Supporting Files";
			sourceTree = "<group>";
		};
		4E0CBD8F1B759C7B00FF444B /* DownloaderWithBlockTests */ = {
			isa = PBXGroup;
			children = (
				4E0CBD921B759C7B00FF444B /* DownloaderWithBlockTests.m */,
				4E0CBD901B759C7B00FF444B /* Supporting Files */,
			);
			path = DownloaderWithBlockTests;
			sourceTree = "<group>";
		};
		4E0CBD901B759C7B00FF444B /* Supporting Files */ = {
			isa = PBXGroup;
			children = (
				4E0CBD911B759C7B00FF444B /* Info.plist */,
			);
			name = "Supporting Files";
			sourceTree = "<group>";
		};
/* End PBXGroup section */

/* Begin PBXNativeTarget section */
		4E0CBD721B759C7B00FF444B /* DownloaderWithBlock */ = {
			isa = PBXNativeTarget;
			buildConfigurationList = 4E0CBD961B759C7B00FF444B /* Build configuration list for PBXNativeTarget "DownloaderWithBlock" */;
			buildPhases = (
				4E0CBD6F1B759C7B00FF444B /* Sources */,
				4E0CBD701B759C7B00FF444B /* Frameworks */,
				4E0CBD711B759C7B00FF444B /* Resources */,
			);
			buildRules = (
			);
			dependencies = (
			);
			name = DownloaderWithBlock;
			productName = DownloaderWithBlock;
			productReference = 4E0CBD731B759C7B00FF444B /* DownloaderWithBlock.app */;
			productType = "com.apple.product-type.application";
		};
		4E0CBD8B1B759C7B00FF444B /* DownloaderWithBlockTests */ = {
			isa = PBXNativeTarget;
			buildConfigurationList = 4E0CBD991B759C7B00FF444B /* Build configuration list for PBXNativeTarget "DownloaderWithBlockTests" */;
			buildPhases = (
				4E0CBD881B759C7B00FF444B /* Sources */,
				4E0CBD891B759C7B00FF444B /* Frameworks */,
				4E0CBD8A1B759C7B00FF444B /* Resources */,
			);
			buildRules = (
			);
			dependencies = (
				4E0CBD8E1B759C7B00FF444B /* PBXTargetDependency */,
			);
			name = DownloaderWithBlockTests;
			productName = DownloaderWithBlockTests;
			productReference = 4E0CBD8C1B759C7B00FF444B /* DownloaderWithBlockTests.xctest */;
			productType = "com.apple.product-type.bundle.unit-test";
		};
/* End PBXNativeTarget section */

/* Begin PBXProject section */
		4E0CBD6B1B759C7B00FF444B /* Project object */ = {
			isa = PBXProject;
			attributes = {
				LastUpgradeCheck = 0630;
				ORGANIZATIONNAME = qianfeng;
				TargetAttributes = {
					4E0CBD721B759C7B00FF444B = {
						CreatedOnToolsVersion = 6.3.1;
					};
					4E0CBD8B1B759C7B00FF444B = {
						CreatedOnToolsVersion = 6.3.1;
						TestTargetID = 4E0CBD721B759C7B00FF444B;
					};
				};
			};
			buildConfigurationList = 4E0CBD6E1B759C7B00FF444B /* Build configuration list for PBXProject "DownloaderWithBlock" */;
			compatibilityVersion = "Xcode 3.2";
			developmentRegion = English;
			hasScannedForEncodings = 0;
			knownRegions = (
				en,
				Base,
			);
			mainGroup = 4E0CBD6A1B759C7B00FF444B;
			productRefGroup = 4E0CBD741B759C7B00FF444B /* Products */;
			projectDirPath = "";
			projectRoot = "";
			targets = (
				4E0CBD721B759C7B00FF444B /* DownloaderWithBlock */,
				4E0CBD8B1B759C7B00FF444B /* DownloaderWithBlockTests */,
			);
		};
/* End PBXProject section */

/* Begin PBXResourcesBuildPhase section */
		4E0CBD711B759C7B00FF444B /* Resources */ = {
			isa = PBXResourcesBuildPhase;
			buildActionMask = 2147483647;
			files = (
				4E0CBD821B759C7B00FF444B /* Main.storyboard in Resources */,
				4E0CBD871B759C7B00FF444B /* LaunchScreen.xib in Resources */,
				4E0CBD841B759C7B00FF444B /* Images.xcassets in Resources */,
			);
			runOnlyForDeploymentPostprocessing = 0;
		};
		4E0CBD8A1B759C7B00FF444B /* Resources */ = {
			isa = PBXResourcesBuildPhase;
			buildActionMask = 2147483647;
			files = (
			);
			runOnlyForDeploymentPostprocessing = 0;
		};
/* End PBXResourcesBuildPhase section */

/* Begin PBXSourcesBuildPhase section */
		4E0CBD6F1B759C7B00FF444B /* Sources */ = {
			isa = PBXSourcesBuildPhase;
			buildActionMask = 2147483647;
			files = (
				4E0CBD7F1B759C7B00FF444B /* ViewController.m in Sources */,
				4E0CBD7C1B759C7B00FF444B /* AppDelegate.m in Sources */,
				4E0CBD9E1B759CA900FF444B /* MyDownloader.m in Sources */,
				4E0CBD791B759C7B00FF444B /* main.m in Sources */,
			);
			runOnlyForDeploymentPostprocessing = 0;
		};
		4E0CBD881B759C7B00FF444B /* Sources */ = {
			isa = PBXSourcesBuildPhase;
			buildActionMask = 2147483647;
			files = (
				4E0CBD931B759C7B00FF444B /* DownloaderWithBlockTests.m in Sources */,
			);
			runOnlyForDeploymentPostprocessing = 0;
		};
/* End PBXSourcesBuildPhase section */

/* Begin PBXTargetDependency section */
		4E0CBD8E1B759C7B00FF444B /* PBXTargetDependency */ = {
			isa = PBXTargetDependency;
			target = 4E0CBD721B759C7B00FF444B /* DownloaderWithBlock */;
			targetProxy = 4E0CBD8D1B759C7B00FF444B /* PBXContainerItemProxy */;
		};
/* End PBXTargetDependency section */

/* Begin PBXVariantGroup section */
		4E0CBD801B759C7B00FF444B /* Main.storyboard */ = {
			isa = PBXVariantGroup;
			children = (
				4E0CBD811B759C7B00FF444B /* Base */,
			);
			name = Main.storyboard;
			sourceTree = "<group>";
		};
		4E0CBD851B759C7B00FF444B /* LaunchScreen.xib */ = {
			isa = PBXVariantGroup;
			children = (
				4E0CBD861B759C7B00FF444B /* Base */,
			);
			name = LaunchScreen.xib;
			sourceTree = "<group>";
		};
/* End PBXVariantGroup section */

/* Begin XCBuildConfiguration section */
		4E0CBD941B759C7B00FF444B /* Debug */ = {
			isa = XCBuildConfiguration;
			buildSettings = {
				ALWAYS_SEARCH_USER_PATHS = NO;
				CLANG_CXX_LANGUAGE_STANDARD = "gnu++0x";
				CLANG_CXX_LIBRARY = "libc++";
				CLANG_ENABLE_MODULES = YES;
				CLANG_ENABLE_OBJC_ARC = YES;
				CLANG_WARN_BOOL_CONVERSION = YES;
				CLANG_WARN_CONSTANT_CONVERSION = YES;
				CLANG_WARN_DIRECT_OBJC_ISA_USAGE = YES_ERROR;
				CLANG_WARN_EMPTY_BODY = YES;
				CLANG_WARN_ENUM_CONVERSION = YES;
				CLANG_WARN_INT_CONVERSION = YES;
				CLANG_WARN_OBJC_ROOT_CLASS = YES_ERROR;
				CLANG_WARN_UNREACHABLE_CODE = YES;
				CLANG_WARN__DUPLICATE_METHOD_MATCH = YES;
				"CODE_SIGN_IDENTITY[sdk=iphoneos*]" = "iPhone Developer";
				COPY_PHASE_STRIP = NO;
				DEBUG_INFORMATION_FORMAT = "dwarf-with-dsym";
				ENABLE_STRICT_OBJC_MSGSEND = YES;
				GCC_C_LANGUAGE_STANDARD = gnu99;
				GCC_DYNAMIC_NO_PIC = NO;
				GCC_NO_COMMON_BLOCKS = YES;
				GCC_OPTIMIZATION_LEVEL = 0;
				GCC_PREPROCESSOR_DEFINITIONS = (
					"DEBUG=1",
					"$(inherited)",
				);
				GCC_SYMBOLS_PRIVATE_EXTERN = NO;
				GCC_WARN_64_TO_32_BIT_CONVERSION = YES;
				GCC_WARN_ABOUT_RETURN_TYPE = YES_ERROR;
				GCC_WARN_UNDECLARED_SELECTOR = YES;
				GCC_WARN_UNINITIALIZED_AUTOS = YES_AGGRESSIVE;
				GCC_WARN_UNUSED_FUNCTION = YES;
				GCC_WARN_UNUSED_VARIABLE = YES;
				IPHONEOS_DEPLOYMENT_TARGET = 8.3;
				MTL_ENABLE_DEBUG_INFO = YES;
				ONLY_ACTIVE_ARCH = YES;
				SDKROOT = iphoneos;
			};
			name = Debug;
		};
		4E0CBD951B759C7B00FF444B /* Release */ = {
			isa = XCBuildConfiguration;
			buildSettings = {
				ALWAYS_SEARCH_USER_PATHS = NO;
				CLANG_CXX_LANGUAGE_STANDARD = "gnu++0x";
				CLANG_CXX_LIBRARY = "libc++";
				CLANG_ENABLE_MODULES = YES;
				CLANG_ENABLE_OBJC_ARC = YES;
				CLANG_WARN_BOOL_CONVERSION = YES;
				CLANG_WARN_CONSTANT_CONVERSION = YES;
				CLANG_WARN_DIRECT_OBJC_ISA_USAGE = YES_ERROR;
				CLANG_WARN_EMPTY_BODY = YES;
				CLANG_WARN_ENUM_CONVERSION = YES;
				CLANG_WARN_INT_CONVERSION = YES;
				CLANG_WARN_OBJC_ROOT_CLASS = YES_ERROR;
				CLANG_WARN_UNREACHABLE_CODE = YES;
				CLANG_WARN__DUPLICATE_METHOD_MATCH = YES;
				"CODE_SIGN_IDENTITY[sdk=iphoneos*]" = "iPhone Developer";
				COPY_PHASE_STRIP = NO;
				DEBUG_INFORMATION_FORMAT = "dwarf-with-dsym";
				ENABLE_NS_ASSERTIONS = NO;
				ENABLE_STRICT_OBJC_MSGSEND = YES;
				GCC_C_LANGUAGE_STANDARD = gnu99;
				GCC_NO_COMMON_BLOCKS = YES;
				GCC_WARN_64_TO_32_BIT_CONVERSION = YES;
				GCC_WARN_ABOUT_RETURN_TYPE = YES_ERROR;
				GCC_WARN_UNDECLARED_SELECTOR = YES;
				GCC_WARN_UNINITIALIZED_AUTOS = YES_AGGRESSIVE;
				GCC_WARN_UNUSED_FUNCTION = YES;
				GCC_WARN_UNUSED_VARIABLE = YES;
				IPHONEOS_DEPLOYMENT_TARGET = 8.3;
				MTL_ENABLE_DEBUG_INFO = NO;
				SDKROOT = iphoneos;
				VALIDATE_PRODUCT = YES;
			};
			name = Release;
		};
		4E0CBD971B759C7B00FF444B /* Debug */ = {
			isa = XCBuildConfiguration;
			buildSettings = {
				ASSETCATALOG_COMPILER_APPICON_NAME = AppIcon;
				INFOPLIST_FILE = DownloaderWithBlock/Info.plist;
				LD_RUNPATH_SEARCH_PATHS = "$(inherited) @executable_path/Frameworks";
				PRODUCT_NAME = "$(TARGET_NAME)";
			};
			name = Debug;
		};
		4E0CBD981B759C7B00FF444B /* Release */ = {
			isa = XCBuildConfiguration;
			buildSettings = {
				ASSETCATALOG_COMPILER_APPICON_NAME = AppIcon;
				INFOPLIST_FILE = DownloaderWithBlock/Info.plist;
				LD_RUNPATH_SEARCH_PATHS = "$(inherited) @executable_path/Frameworks";
				PRODUCT_NAME = "$(TARGET_NAME)";
			};
			name = Release;
		};
		4E0CBD9A1B759C7B00FF444B /* Debug */ = {
			isa = XCBuildConfiguration;
			buildSettings = {
				BUNDLE_LOADER = "$(TEST_HOST)";
				FRAMEWORK_SEARCH_PATHS = (
					"$(SDKROOT)/Developer/Library/Frameworks",
					"$(inherited)",
				);
				GCC_PREPROCESSOR_DEFINITIONS = (
					"DEBUG=1",
					"$(inherited)",
				);
				INFOPLIST_FILE = DownloaderWithBlockTests/Info.plist;
				LD_RUNPATH_SEARCH_PATHS = "$(inherited) @executable_path/Frameworks @loader_path/Frameworks";
				PRODUCT_NAME = "$(TARGET_NAME)";
				TEST_HOST = "$(BUILT_PRODUCTS_DIR)/DownloaderWithBlock.app/DownloaderWithBlock";
			};
			name = Debug;
		};
		4E0CBD9B1B759C7B00FF444B /* Release */ = {
			isa = XCBuildConfiguration;
			buildSettings = {
				BUNDLE_LOADER = "$(TEST_HOST)";
				FRAMEWORK_SEARCH_PATHS = (
					"$(SDKROOT)/Developer/Library/Frameworks",
					"$(inherited)",
				);
				INFOPLIST_FILE = DownloaderWithBlockTests/Info.plist;
				LD_RUNPATH_SEARCH_PATHS = "$(inherited) @executable_path/Frameworks @loader_path/Frameworks";
				PRODUCT_NAME = "$(TARGET_NAME)";
				TEST_HOST = "$(BUILT_PRODUCTS_DIR)/DownloaderWithBlock.app/DownloaderWithBlock";
			};
			name = Release;
		};
/* End XCBuildConfiguration section */

/* Begin XCConfigurationList section */
		4E0CBD6E1B759C7B00FF444B /* Build configuration list for PBXProject "DownloaderWithBlock" */ = {
			isa = XCConfigurationList;
			buildConfigurations = (
				4E0CBD941B759C7B00FF444B /* Debug */,
				4E0CBD951B759C7B00FF444B /* Release */,
			);
			defaultConfigurationIsVisible = 0;
			defaultConfigurationName = Release;
		};
		4E0CBD961B759C7B00FF444B /* Build configuration list for PBXNativeTarget "DownloaderWithBlock" */ = {
			isa = XCConfigurationList;
			buildConfigurations = (
				4E0CBD971B759C7B00FF444B /* Debug */,
				4E0CBD981B759C7B00FF444B /* Release */,
			);
			defaultConfigurationIsVisible = 0;
		};
		4E0CBD991B759C7B00FF444B /* Build configuration list for PBXNativeTarget "DownloaderWithBlockTests" */ = {
			isa = XCConfigurationList;
			buildConfigurations = (
				4E0CBD9A1B759C7B00FF444B /* Debug */,
				4E0CBD9B1B759C7B00FF444B /* Release */,
			);
			defaultConfigurationIsVisible = 0;
		};
/* End XCConfigurationList section */
	};
	rootObject = 4E0CBD6B1B759C7B00FF444B /* Project object */;
}
